{
    "_meta": {
        "hash": {
            "sha256": "5b3e26b5afd927293e56e3c08da16f9a3e5e0f69f4d53d388ddb546190f05cfc"
        },
        "pipfile-spec": 6,
        "requires": {},
        "sources": [
            {
                "name": "pypi",
                "url": "https://pypi.org/simple",
                "verify_ssl": true
            }
        ]
    },
    "default": {
        "certifi": {
            "hashes": [
                "sha256:2bbf76fd432960138b3ef6dda3dde0544f27cbf8546c458e60baf371917ba9ee",
                "sha256:50b1e4f8446b06f41be7dd6338db18e0990601dce795c2b1686458aa7e8fa7d8"
            ],
            "version": "==2021.5.30"
        },
        "chardet": {
            "hashes": [
                "sha256:0d6f53a15db4120f2b08c94f11e7d93d2c911ee118b6b30a04ec3ee8310179fa",
                "sha256:f864054d66fd9118f2e67044ac8981a54775ec5b67aed0441892edb553d21da5"
            ],
            "version": "==4.0.0"
        },
        "docutils": {
            "hashes": [
                "sha256:0c5b78adfbf7762415433f5515cd5c9e762339e23369dbe8000d84a4bf4ab3af",
                "sha256:c2de3a60e9e7d07be26b7f2b00ca0309c207e06c100f9cc2a94931fc75a478fc"
            ],
            "index": "pypi",
            "version": "==0.16"
        },
        "idna": {
            "hashes": [
                "sha256:b307872f855b18632ce0c21c5e45be78c0ea7ae4c15c828c20788b26921eb3f6",
                "sha256:b97d804b1e9b523befed77c48dacec60e6dcb0b5391d57af6a65a312a90648c0"
            ],
            "version": "==2.10"
        },
        "packaging": {
            "hashes": [
                "sha256:5b327ac1320dc863dca72f4514ecc086f31186744b84a230374cc1fd776feae5",
                "sha256:67714da7f7bc052e064859c05c595155bd1ee9f69f76557e21f051443c20947a"
            ],
            "version": "==20.9"
        },
        "pyparsing": {
            "hashes": [
                "sha256:c203ec8783bf771a155b207279b9bccb8dea02d8f0c9e5f8ead507bc3246ecc1",
                "sha256:ef9d7589ef3c200abe66653d3f1ab1033c3c419ae9b9bdb1240a85b024efc88b"
            ],
            "version": "==2.4.7"
        },
        "requests": {
            "hashes": [
                "sha256:27973dd4a904a4f13b263a19c866c13b92a39ed1c964655f025f3f8d3d75b804",
                "sha256:c210084e36a42ae6b9219e00e48287def368a26d03a048ddad7bfee44f75871e"
            ],
            "version": "==2.25.1"
        },
        "robotframework": {
            "hashes": [
                "sha256:a0786a916d0572bd9d6afe26e95c6021e3df5dcafa0ece6b302e36366e58c24e",
                "sha256:a0c325e79dc6dcdaba0398db8c3afefc337799b7b36b336f04b07be4fe4a9dd2"
            ],
            "index": "pypi",
            "version": "==3.2.2"
        },
        "robotframework-docker": {
            "hashes": [
                "sha256:099644ca3325c4dffd3cd7aed886ea96a243993463041ee70bf8c2e006476f6d",
                "sha256:ba905eb376996f52a28b56d9a2920b17877fac89291b7eb76765cd40b2e2ac5b"
            ],
            "index": "pypi",
            "version": "==1.0.1"
        },
        "robotframework-pythonlibcore": {
            "hashes": [
                "sha256:1b311764721b6117d85b0702ab95a7f1d0525d9d3e3433cca02cdbc0010edb55",
                "sha256:b5b30239086b656e2fb6adbc91e988b9745636bd0d3ff7db2ab0cab43b0621a9"
            ],
            "version": "==2.2.1"
        },
        "robotframework-requests": {
            "hashes": [
                "sha256:89cf551e05f0b71f025949b5ae1ccffa494ae4309c80df50d972c9b22e1ad12a",
                "sha256:b26f4ae617ff8c4b522fba422b7c8f83545a98aec3e2deb7f1aa53dcd68defe2"
            ],
            "index": "pypi",
            "version": "==0.8.1"
        },
        "robotframework-seleniumlibrary": {
            "hashes": [
                "sha256:22373d59a7061a75ef9bd2b4d163d72af74d40a141f9391d68ae89fae441b203",
                "sha256:87fd0a58af66b9e04b0450aa25692e34835f3d267db827de5d285839572cd4ff"
            ],
            "index": "pypi",
            "version": "==5.1.1"
        },
        "selenium": {
            "hashes": [
                "sha256:2d7131d7bc5a5b99a2d9b04aaf2612c411b03b8ca1b1ee8d3de5845a9be2cb3c",
                "sha256:deaf32b60ad91a4611b98d8002757f29e6f2c2d5fcaf202e1c9ad06d6772300d"
            ],
            "version": "==3.141.0"
        },
        "urllib3": {
            "hashes": [
                "sha256:753a0374df26658f99d826cfe40394a686d05985786d946fbe4165b5148f5a7c",
                "sha256:a7acd0977125325f516bda9735fa7142b909a8d01e8b2e4c8108d0984e6e0098"
            ],
            "index": "pypi",
            "version": "==1.26.5"
        }
    },
    "develop": {}
}
