Microsoft Visual Studio Solution File, Format Version 12.00
# Visual Studio 15
VisualStudioVersion = 15.0.27004.2002
MinimumVisualStudioVersion = 10.0.40219.1
Project("{9A19103F-16F7-4668-BE54-9A1E7A4F7556}") = "Ribosoft", "Ribosoft\Ribosoft.csproj", "{2298DEAD-BE09-419D-B272-DEB22BE920CB}"
EndProject
Project("{9A19103F-16F7-4668-BE54-9A1E7A4F7556}") = "Ribosoft.Tests", "Ribosoft.Tests\Ribosoft.Tests.csproj", "{A7A33C5C-D15E-4DEF-A98A-A7EFE9456F5A}"
EndProject
Global
	GlobalSection(SolutionConfigurationPlatforms) = preSolution
		Debug|Any CPU = Debug|Any CPU
		Debug|x64 = Debug|x64
		Debug|x86 = Debug|x86
		Release|Any CPU = Release|Any CPU
		Release|x64 = Release|x64
		Release|x86 = Release|x86
	EndGlobalSection
	GlobalSection(ProjectConfigurationPlatforms) = postSolution
		{2298DEAD-BE09-419D-B272-DEB22BE920CB}.Debug|Any CPU.ActiveCfg = Debug|Any CPU
		{2298DEAD-BE09-419D-B272-DEB22BE920CB}.Debug|Any CPU.Build.0 = Debug|Any CPU
		{2298DEAD-BE09-419D-B272-DEB22BE920CB}.Debug|x64.ActiveCfg = Debug|Any CPU
		{2298DEAD-BE09-419D-B272-DEB22BE920CB}.Debug|x64.Build.0 = Debug|Any CPU
		{2298DEAD-BE09-419D-B272-DEB22BE920CB}.Debug|x86.ActiveCfg = Debug|Any CPU
		{2298DEAD-BE09-419D-B272-DEB22BE920CB}.Debug|x86.Build.0 = Debug|Any CPU
		{2298DEAD-BE09-419D-B272-DEB22BE920CB}.Release|Any CPU.ActiveCfg = Release|Any CPU
		{2298DEAD-BE09-419D-B272-DEB22BE920CB}.Release|Any CPU.Build.0 = Release|Any CPU
		{2298DEAD-BE09-419D-B272-DEB22BE920CB}.Release|x64.ActiveCfg = Release|Any CPU
		{2298DEAD-BE09-419D-B272-DEB22BE920CB}.Release|x64.Build.0 = Release|Any CPU
		{2298DEAD-BE09-419D-B272-DEB22BE920CB}.Release|x86.ActiveCfg = Release|Any CPU
		{2298DEAD-BE09-419D-B272-DEB22BE920CB}.Release|x86.Build.0 = Release|Any CPU
		{A7A33C5C-D15E-4DEF-A98A-A7EFE9456F5A}.Debug|Any CPU.ActiveCfg = Debug|Any CPU
		{A7A33C5C-D15E-4DEF-A98A-A7EFE9456F5A}.Debug|Any CPU.Build.0 = Debug|Any CPU
		{A7A33C5C-D15E-4DEF-A98A-A7EFE9456F5A}.Debug|x64.ActiveCfg = Debug|Any CPU
		{A7A33C5C-D15E-4DEF-A98A-A7EFE9456F5A}.Debug|x64.Build.0 = Debug|Any CPU
		{A7A33C5C-D15E-4DEF-A98A-A7EFE9456F5A}.Debug|x86.ActiveCfg = Debug|Any CPU
		{A7A33C5C-D15E-4DEF-A98A-A7EFE9456F5A}.Debug|x86.Build.0 = Debug|Any CPU
		{A7A33C5C-D15E-4DEF-A98A-A7EFE9456F5A}.Release|Any CPU.ActiveCfg = Release|Any CPU
		{A7A33C5C-D15E-4DEF-A98A-A7EFE9456F5A}.Release|Any CPU.Build.0 = Release|Any CPU
		{A7A33C5C-D15E-4DEF-A98A-A7EFE9456F5A}.Release|x64.ActiveCfg = Release|Any CPU
		{A7A33C5C-D15E-4DEF-A98A-A7EFE9456F5A}.Release|x64.Build.0 = Release|Any CPU
		{A7A33C5C-D15E-4DEF-A98A-A7EFE9456F5A}.Release|x86.ActiveCfg = Release|Any CPU
		{A7A33C5C-D15E-4DEF-A98A-A7EFE9456F5A}.Release|x86.Build.0 = Release|Any CPU
	EndGlobalSection
	GlobalSection(SolutionProperties) = preSolution
		HideSolutionNode = FALSE
	EndGlobalSection
	GlobalSection(ExtensibilityGlobals) = postSolution
		SolutionGuid = {3F547DCB-7EB6-48B4-AA59-8EE728F61B86}
	EndGlobalSection
EndGlobal
