Microsoft Visual Studio Solution File, Format Version 12.00
# Visual Studio Version 16
VisualStudioVersion = 16.0.30621.155
MinimumVisualStudioVersion = 10.0.40219.1
Project("{9A19103F-16F7-4668-BE54-9A1E7A4F7556}") = "Ribosoft", "Ribosoft\Ribosoft.csproj", "{2298DEAD-BE09-419D-B272-DEB22BE920CB}"
EndProject
Project("{9A19103F-16F7-4668-BE54-9A1E7A4F7556}") = "Ribosoft.Tests", "Ribosoft.Tests\Ribosoft.Tests.csproj", "{A7A33C5C-D15E-4DEF-A98A-A7EFE9456F5A}"
EndProject
Project("{9A19103F-16F7-4668-BE54-9A1E7A4F7556}") = "RibosoftAlgo", "RibosoftAlgo\RibosoftAlgo.csproj", "{B8F3D4E2-1A5C-4B6D-8E7F-9C0A1B2C3D4E}"
EndProject
Project("{9A19103F-16F7-4668-BE54-9A1E7A4F7556}") = "RibosoftAlgo.Tests", "RibosoftAlgo.Tests\RibosoftAlgo.Tests.csproj", "{C9G4E5F3-2B6D-4C7E-9F8A-0D1B2C3D4E5F}"
EndProject
Project("{E53339B2-1760-4266-BCC7-CA923CBCF16C}") = "docker-compose", "docker-compose.dcproj", "{3889A8F2-7004-4585-BE15-FC9EA7F06F53}"
EndProject
Global
	GlobalSection(SolutionConfigurationPlatforms) = preSolution
		Debug|Any CPU = Debug|Any CPU
		Debug|x64 = Debug|x64
		Debug|x86 = Debug|x86
		Release|Any CPU = Release|Any CPU
		Release|x64 = Release|x64
		Release|x86 = Release|x86
	EndGlobalSection
	GlobalSection(ProjectConfigurationPlatforms) = postSolution
		{2298DEAD-BE09-419D-B272-DEB22BE920CB}.Debug|Any CPU.ActiveCfg = Debug|Any CPU
		{2298DEAD-BE09-419D-B272-DEB22BE920CB}.Debug|Any CPU.Build.0 = Debug|Any CPU
		{2298DEAD-BE09-419D-B272-DEB22BE920CB}.Debug|x64.ActiveCfg = Debug|Any CPU
		{2298DEAD-BE09-419D-B272-DEB22BE920CB}.Debug|x64.Build.0 = Debug|Any CPU
		{2298DEAD-BE09-419D-B272-DEB22BE920CB}.Debug|x86.ActiveCfg = Debug|Any CPU
		{2298DEAD-BE09-419D-B272-DEB22BE920CB}.Debug|x86.Build.0 = Debug|Any CPU
		{2298DEAD-BE09-419D-B272-DEB22BE920CB}.Release|Any CPU.ActiveCfg = Release|Any CPU
		{2298DEAD-BE09-419D-B272-DEB22BE920CB}.Release|Any CPU.Build.0 = Release|Any CPU
		{2298DEAD-BE09-419D-B272-DEB22BE920CB}.Release|x64.ActiveCfg = Release|Any CPU
		{2298DEAD-BE09-419D-B272-DEB22BE920CB}.Release|x64.Build.0 = Release|Any CPU
		{2298DEAD-BE09-419D-B272-DEB22BE920CB}.Release|x86.ActiveCfg = Release|Any CPU
		{2298DEAD-BE09-419D-B272-DEB22BE920CB}.Release|x86.Build.0 = Release|Any CPU
		{A7A33C5C-D15E-4DEF-A98A-A7EFE9456F5A}.Debug|Any CPU.ActiveCfg = Debug|Any CPU
		{A7A33C5C-D15E-4DEF-A98A-A7EFE9456F5A}.Debug|Any CPU.Build.0 = Debug|Any CPU
		{A7A33C5C-D15E-4DEF-A98A-A7EFE9456F5A}.Debug|x64.ActiveCfg = Debug|Any CPU
		{A7A33C5C-D15E-4DEF-A98A-A7EFE9456F5A}.Debug|x64.Build.0 = Debug|Any CPU
		{A7A33C5C-D15E-4DEF-A98A-A7EFE9456F5A}.Debug|x86.ActiveCfg = Debug|Any CPU
		{A7A33C5C-D15E-4DEF-A98A-A7EFE9456F5A}.Debug|x86.Build.0 = Debug|Any CPU
		{A7A33C5C-D15E-4DEF-A98A-A7EFE9456F5A}.Release|Any CPU.ActiveCfg = Release|Any CPU
		{A7A33C5C-D15E-4DEF-A98A-A7EFE9456F5A}.Release|Any CPU.Build.0 = Release|Any CPU
		{A7A33C5C-D15E-4DEF-A98A-A7EFE9456F5A}.Release|x64.ActiveCfg = Release|Any CPU
		{A7A33C5C-D15E-4DEF-A98A-A7EFE9456F5A}.Release|x64.Build.0 = Release|Any CPU
		{A7A33C5C-D15E-4DEF-A98A-A7EFE9456F5A}.Release|x86.ActiveCfg = Release|Any CPU
		{A7A33C5C-D15E-4DEF-A98A-A7EFE9456F5A}.Release|x86.Build.0 = Release|Any CPU
		{B8F3D4E2-1A5C-4B6D-8E7F-9C0A1B2C3D4E}.Debug|Any CPU.ActiveCfg = Debug|Any CPU
		{B8F3D4E2-1A5C-4B6D-8E7F-9C0A1B2C3D4E}.Debug|Any CPU.Build.0 = Debug|Any CPU
		{B8F3D4E2-1A5C-4B6D-8E7F-9C0A1B2C3D4E}.Debug|x64.ActiveCfg = Debug|Any CPU
		{B8F3D4E2-1A5C-4B6D-8E7F-9C0A1B2C3D4E}.Debug|x64.Build.0 = Debug|Any CPU
		{B8F3D4E2-1A5C-4B6D-8E7F-9C0A1B2C3D4E}.Debug|x86.ActiveCfg = Debug|Any CPU
		{B8F3D4E2-1A5C-4B6D-8E7F-9C0A1B2C3D4E}.Debug|x86.Build.0 = Debug|Any CPU
		{B8F3D4E2-1A5C-4B6D-8E7F-9C0A1B2C3D4E}.Release|Any CPU.ActiveCfg = Release|Any CPU
		{B8F3D4E2-1A5C-4B6D-8E7F-9C0A1B2C3D4E}.Release|Any CPU.Build.0 = Release|Any CPU
		{B8F3D4E2-1A5C-4B6D-8E7F-9C0A1B2C3D4E}.Release|x64.ActiveCfg = Release|Any CPU
		{B8F3D4E2-1A5C-4B6D-8E7F-9C0A1B2C3D4E}.Release|x64.Build.0 = Release|Any CPU
		{B8F3D4E2-1A5C-4B6D-8E7F-9C0A1B2C3D4E}.Release|x86.ActiveCfg = Release|Any CPU
		{B8F3D4E2-1A5C-4B6D-8E7F-9C0A1B2C3D4E}.Release|x86.Build.0 = Release|Any CPU
		{C9G4E5F3-2B6D-4C7E-9F8A-0D1B2C3D4E5F}.Debug|Any CPU.ActiveCfg = Debug|Any CPU
		{C9G4E5F3-2B6D-4C7E-9F8A-0D1B2C3D4E5F}.Debug|Any CPU.Build.0 = Debug|Any CPU
		{C9G4E5F3-2B6D-4C7E-9F8A-0D1B2C3D4E5F}.Debug|x64.ActiveCfg = Debug|Any CPU
		{C9G4E5F3-2B6D-4C7E-9F8A-0D1B2C3D4E5F}.Debug|x64.Build.0 = Debug|Any CPU
		{C9G4E5F3-2B6D-4C7E-9F8A-0D1B2C3D4E5F}.Debug|x86.ActiveCfg = Debug|Any CPU
		{C9G4E5F3-2B6D-4C7E-9F8A-0D1B2C3D4E5F}.Debug|x86.Build.0 = Debug|Any CPU
		{C9G4E5F3-2B6D-4C7E-9F8A-0D1B2C3D4E5F}.Release|Any CPU.ActiveCfg = Release|Any CPU
		{C9G4E5F3-2B6D-4C7E-9F8A-0D1B2C3D4E5F}.Release|Any CPU.Build.0 = Release|Any CPU
		{C9G4E5F3-2B6D-4C7E-9F8A-0D1B2C3D4E5F}.Release|x64.ActiveCfg = Release|Any CPU
		{C9G4E5F3-2B6D-4C7E-9F8A-0D1B2C3D4E5F}.Release|x64.Build.0 = Release|Any CPU
		{C9G4E5F3-2B6D-4C7E-9F8A-0D1B2C3D4E5F}.Release|x86.ActiveCfg = Release|Any CPU
		{C9G4E5F3-2B6D-4C7E-9F8A-0D1B2C3D4E5F}.Release|x86.Build.0 = Release|Any CPU
		{3889A8F2-7004-4585-BE15-FC9EA7F06F53}.Debug|Any CPU.ActiveCfg = Debug|Any CPU
		{3889A8F2-7004-4585-BE15-FC9EA7F06F53}.Debug|Any CPU.Build.0 = Debug|Any CPU
		{3889A8F2-7004-4585-BE15-FC9EA7F06F53}.Debug|x64.ActiveCfg = Debug|Any CPU
		{3889A8F2-7004-4585-BE15-FC9EA7F06F53}.Debug|x64.Build.0 = Debug|Any CPU
		{3889A8F2-7004-4585-BE15-FC9EA7F06F53}.Debug|x86.ActiveCfg = Debug|Any CPU
		{3889A8F2-7004-4585-BE15-FC9EA7F06F53}.Debug|x86.Build.0 = Debug|Any CPU
		{3889A8F2-7004-4585-BE15-FC9EA7F06F53}.Release|Any CPU.ActiveCfg = Release|Any CPU
		{3889A8F2-7004-4585-BE15-FC9EA7F06F53}.Release|Any CPU.Build.0 = Release|Any CPU
		{3889A8F2-7004-4585-BE15-FC9EA7F06F53}.Release|x64.ActiveCfg = Release|Any CPU
		{3889A8F2-7004-4585-BE15-FC9EA7F06F53}.Release|x64.Build.0 = Release|Any CPU
		{3889A8F2-7004-4585-BE15-FC9EA7F06F53}.Release|x86.ActiveCfg = Release|Any CPU
		{3889A8F2-7004-4585-BE15-FC9EA7F06F53}.Release|x86.Build.0 = Release|Any CPU
	EndGlobalSection
	GlobalSection(SolutionProperties) = preSolution
		HideSolutionNode = FALSE
	EndGlobalSection
	GlobalSection(ExtensibilityGlobals) = postSolution
		SolutionGuid = {3F547DCB-7EB6-48B4-AA59-8EE728F61B86}
	EndGlobalSection
EndGlobal
